<?xml version="1.0" encoding="utf-8"?>
<Project ToolsVersion="4.0" xmlns="http://schemas.microsoft.com/developer/msbuild/2003">
  <ItemGroup>
    <Filter Include="Source Files">
      <UniqueIdentifier>{4FC737F1-C7A5-4376-A066-2A32D752A2FF}</UniqueIdentifier>
      <Extensions>cpp;c;cc;cxx;def;odl;idl;hpj;bat;asm;asmx</Extensions>
    </Filter>
    <Filter Include="Header Files">
      <UniqueIdentifier>{93995380-89BD-4b04-88EB-625FBE52EBFB}</UniqueIdentifier>
      <Extensions>h;hh;hpp;hxx;hm;inl;inc;ipp;xsd</Extensions>
    </Filter>
    <Filter Include="Resource Files">
      <UniqueIdentifier>{67DA6AB6-F800-4c08-8B7A-83BB121AAD01}</UniqueIdentifier>
      <Extensions>rc;ico;cur;bmp;dlg;rc2;rct;bin;rgs;gif;jpg;jpeg;jpe;resx;tiff;tif;png;wav;mfcribbon-ms</Extensions>
    </Filter>
    <Filter Include="Source Files\formatter">
      <UniqueIdentifier>{59f7e475-ce56-477a-a116-860ca6ed7b89}</UniqueIdentifier>
    </Filter>
    <Filter Include="Header Files\formatter">
      <UniqueIdentifier>{f59ef59c-df48-4998-9019-7eddf0185aa1}</UniqueIdentifier>
    </Filter>
  </ItemGroup>
  <ItemGroup>
    <None Include="README.md" />
    <None Include="packages.config" />
  </ItemGroup>
  <ItemGroup>
    <ClCompile Include="main.cpp">
      <Filter>Source Files</Filter>
    </ClCompile>
    <ClCompile Include="formatter\EmptyFormatter.cpp">
      <Filter>Source Files\formatter</Filter>
    </ClCompile>
    <ClCompile Include="dump.cpp">
      <Filter>Source Files</Filter>
    </ClCompile>
    <ClCompile Include="formatter\DataFormatter.cpp">
      <Filter>Source Files\formatter</Filter>
    </ClCompile>
    <ClCompile Include="formatter\HexdumpFormatter.cpp">
      <Filter>Source Files\formatter</Filter>
    </ClCompile>
    <ClCompile Include="formatter\BasicFormatter.cpp">
      <Filter>Source Files\formatter</Filter>
    </ClCompile>
    <ClCompile Include="formatter\CBMFormatter.cpp">
      <Filter>Source Files\formatter</Filter>
    </ClCompile>
  </ItemGroup>
  <ItemGroup>
    <ClInclude Include="include\formatter\EmptyFormatter.h">
      <Filter>Header Files\formatter</Filter>
    </ClInclude>
    <ClInclude Include="include\formatter\Formatter.h">
      <Filter>Header Files\formatter</Filter>
    </ClInclude>
    <ClInclude Include="include\dump.h">
      <Filter>Header Files</Filter>
    </ClInclude>
    <ClInclude Include="include\formatter\DataFormatter.h">
      <Filter>Header Files\formatter</Filter>
    </ClInclude>
    <ClInclude Include="include\formatter\HexdumpFormatter.h">
      <Filter>Header Files\formatter</Filter>
    </ClInclude>
    <ClInclude Include="include\formatter\BasicFormatter.h">
      <Filter>Header Files\formatter</Filter>
    </ClInclude>
    <ClInclude Include="include\formatter\CBMFormatter.h">
      <Filter>Header Files\formatter</Filter>
    </ClInclude>
  </ItemGroup>
</Project>