<?xml version="1.0" encoding="utf-8"?>
<Project ToolsVersion="4.0" xmlns="http://schemas.microsoft.com/developer/msbuild/2003">
  <ItemGroup>
    <Filter Include="Source Files">
      <UniqueIdentifier>{4FC737F1-C7A5-4376-A066-2A32D752A2FF}</UniqueIdentifier>
      <Extensions>cpp;c;cc;cxx;def;odl;idl;hpj;bat;asm;asmx</Extensions>
    </Filter>
    <Filter Include="Header Files">
      <UniqueIdentifier>{93995380-89BD-4b04-88EB-625FBE52EBFB}</UniqueIdentifier>
      <Extensions>h;hh;hpp;hxx;hm;inl;inc;ipp;xsd</Extensions>
    </Filter>
    <Filter Include="Resource Files">
      <UniqueIdentifier>{67DA6AB6-F800-4c08-8B7A-83BB121AAD01}</UniqueIdentifier>
      <Extensions>rc;ico;cur;bmp;dlg;rc2;rct;bin;rgs;gif;jpg;jpeg;jpe;resx;tiff;tif;png;wav;mfcribbon-ms</Extensions>
    </Filter>
    <Filter Include="Header Files\lib">
      <UniqueIdentifier>{f59ef59c-df48-4998-9019-7eddf0185aa1}</UniqueIdentifier>
    </Filter>
    <Filter Include="Header Files\lib\utils">
      <UniqueIdentifier>{cb8d4c97-d645-4588-b516-e4ada4544d52}</UniqueIdentifier>
    </Filter>
    <Filter Include="Source Files\lib">
      <UniqueIdentifier>{59f7e475-ce56-477a-a116-860ca6ed7b89}</UniqueIdentifier>
    </Filter>
    <Filter Include="Source Files\lib\utils">
      <UniqueIdentifier>{c8d02c17-cee0-4665-ba80-5cf370156431}</UniqueIdentifier>
    </Filter>
  </ItemGroup>
  <ItemGroup>
    <None Include="README.md" />
    <None Include="packages.config" />
  </ItemGroup>
  <ItemGroup>
    <ClCompile Include="main.cpp">
      <Filter>Source Files</Filter>
    </ClCompile>
    <ClCompile Include="lib\utils\EmptyFormatter.cpp">
      <Filter>Source Files\lib\utils</Filter>
    </ClCompile>
    <ClCompile Include="ca65Formatter.cpp">
      <Filter>Source Files</Filter>
    </ClCompile>
  </ItemGroup>
  <ItemGroup>
    <ClInclude Include="ca65Formatter.h">
      <Filter>Header Files</Filter>
    </ClInclude>
    <ClInclude Include="include\lib\utils\EmptyFormatter.h">
      <Filter>Header Files\lib\utils</Filter>
    </ClInclude>
    <ClInclude Include="include\lib\utils\Formatter.h">
      <Filter>Header Files\lib\utils</Filter>
    </ClInclude>
  </ItemGroup>
</Project>