<?xml version="1.0" encoding="utf-8"?>
<Project ToolsVersion="4.0" xmlns="http://schemas.microsoft.com/developer/msbuild/2003">
  <ItemGroup>
    <Filter Include="Source Files">
      <UniqueIdentifier>{4FC737F1-C7A5-4376-A066-2A32D752A2FF}</UniqueIdentifier>
      <Extensions>cpp;c;cc;cxx;def;odl;idl;hpj;bat;asm;asmx</Extensions>
    </Filter>
    <Filter Include="Header Files">
      <UniqueIdentifier>{93995380-89BD-4b04-88EB-625FBE52EBFB}</UniqueIdentifier>
      <Extensions>h;hh;hpp;hxx;hm;inl;inc;ipp;xsd</Extensions>
    </Filter>
    <Filter Include="Resource Files">
      <UniqueIdentifier>{67DA6AB6-F800-4c08-8B7A-83BB121AAD01}</UniqueIdentifier>
      <Extensions>rc;ico;cur;bmp;dlg;rc2;rct;bin;rgs;gif;jpg;jpeg;jpe;resx;tiff;tif;png;wav;mfcribbon-ms</Extensions>
    </Filter>
    <Filter Include="Header Files\lib">
      <UniqueIdentifier>{06329e9b-8fb0-433a-bebe-dcb00c5079eb}</UniqueIdentifier>
    </Filter>
    <Filter Include="Header Files\lib\xu1541">
      <UniqueIdentifier>{9ffa8263-1acd-479c-984b-9049544197b0}</UniqueIdentifier>
    </Filter>
    <Filter Include="Source Files\lib">
      <UniqueIdentifier>{e71fc5e4-c29b-487d-b2ef-2d347eeccd4f}</UniqueIdentifier>
    </Filter>
    <Filter Include="Source Files\lib\xu1541">
      <UniqueIdentifier>{645e85fa-abfe-4d5d-b930-a3b7e5792c8c}</UniqueIdentifier>
    </Filter>
    <Filter Include="Source Files\lib\usb">
      <UniqueIdentifier>{c1a95a3d-3258-4c7e-8f58-01d4d8f8632d}</UniqueIdentifier>
    </Filter>
    <Filter Include="Header Files\lib\usb">
      <UniqueIdentifier>{c14b0c0a-5e18-4daa-95c4-5de0c00e2667}</UniqueIdentifier>
    </Filter>
  </ItemGroup>
  <ItemGroup>
    <ClCompile Include="src\main.cpp">
      <Filter>Source Files</Filter>
    </ClCompile>
    <ClCompile Include="src\xu1541\xu1541.cpp">
      <Filter>Source Files\lib\xu1541</Filter>
    </ClCompile>
    <ClCompile Include="src\usb\usb.cpp">
      <Filter>Source Files\lib\usb</Filter>
    </ClCompile>
  </ItemGroup>
  <ItemGroup>
    <ClInclude Include="include\xu1541\xu1541.h">
      <Filter>Header Files\lib\xu1541</Filter>
    </ClInclude>
    <ClInclude Include="include\usb\usb.h">
      <Filter>Header Files\lib\usb</Filter>
    </ClInclude>
  </ItemGroup>
</Project>